
Microsoft Visual Studio Solution File, Format Version 12.00
# Visual Studio Version 17
VisualStudioVersion = 17.9.34701.34
MinimumVisualStudioVersion = 10.0.40219.1
Project("{8BC9CEB8-8B4A-11D0-8D11-00A0C91BC942}") = "AVL project", "AVL project\AVL project.vcxproj", "{93A7D606-00D9-4AD6-B395-69CB74E85847}"
EndProject
Global
	GlobalSection(SolutionConfigurationPlatforms) = preSolution
		Debug|x64 = Debug|x64
		Debug|x86 = Debug|x86
		Release|x64 = Release|x64
		Release|x86 = Release|x86
	EndGlobalSection
	GlobalSection(ProjectConfigurationPlatforms) = postSolution
		{93A7D606-00D9-4AD6-B395-69CB74E85847}.Debug|x64.ActiveCfg = Debug|x64
		{93A7D606-00D9-4AD6-B395-69CB74E85847}.Debug|x64.Build.0 = Debug|x64
		{93A7D606-00D9-4AD6-B395-69CB74E85847}.Debug|x86.ActiveCfg = Debug|Win32
		{93A7D606-00D9-4AD6-B395-69CB74E85847}.Debug|x86.Build.0 = Debug|Win32
		{93A7D606-00D9-4AD6-B395-69CB74E85847}.Release|x64.ActiveCfg = Release|x64
		{93A7D606-00D9-4AD6-B395-69CB74E85847}.Release|x64.Build.0 = Release|x64
		{93A7D606-00D9-4AD6-B395-69CB74E85847}.Release|x86.ActiveCfg = Release|Win32
		{93A7D606-00D9-4AD6-B395-69CB74E85847}.Release|x86.Build.0 = Release|Win32
	EndGlobalSection
	GlobalSection(SolutionProperties) = preSolution
		HideSolutionNode = FALSE
	EndGlobalSection
	GlobalSection(ExtensibilityGlobals) = postSolution
		SolutionGuid = {5A0CCDA2-5DB7-4CC1-B07C-DF6E5F0F7670}
	EndGlobalSection
EndGlobal
